
Microsoft Visual Studio Solution File, Format Version 12.00
# Visual Studio 15
VisualStudioVersion = 15.0.27428.2005
MinimumVisualStudioVersion = 10.0.40219.1
Project("{FAE04EC0-301F-11D3-BF4B-00C04F79EFBC}") = "UI", "UI\UI.csproj", "{B968643F-E46F-44A2-8F75-CBF90FB608F2}"
EndProject
Project("{FAE04EC0-301F-11D3-BF4B-00C04F79EFBC}") = "LSystem", "LSystem\LSystem.csproj", "{EC4E3DBB-474A-4C8B-B480-619DE82DF3EE}"
EndProject
Global
	GlobalSection(SolutionConfigurationPlatforms) = preSolution
		Debug|Any CPU = Debug|Any CPU
		Release|Any CPU = Release|Any CPU
	EndGlobalSection
	GlobalSection(ProjectConfigurationPlatforms) = postSolution
		{B968643F-E46F-44A2-8F75-CBF90FB608F2}.Debug|Any CPU.ActiveCfg = Debug|Any CPU
		{B968643F-E46F-44A2-8F75-CBF90FB608F2}.Debug|Any CPU.Build.0 = Debug|Any CPU
		{B968643F-E46F-44A2-8F75-CBF90FB608F2}.Release|Any CPU.ActiveCfg = Release|Any CPU
		{B968643F-E46F-44A2-8F75-CBF90FB608F2}.Release|Any CPU.Build.0 = Release|Any CPU
		{EC4E3DBB-474A-4C8B-B480-619DE82DF3EE}.Debug|Any CPU.ActiveCfg = Debug|Any CPU
		{EC4E3DBB-474A-4C8B-B480-619DE82DF3EE}.Debug|Any CPU.Build.0 = Debug|Any CPU
		{EC4E3DBB-474A-4C8B-B480-619DE82DF3EE}.Release|Any CPU.ActiveCfg = Release|Any CPU
		{EC4E3DBB-474A-4C8B-B480-619DE82DF3EE}.Release|Any CPU.Build.0 = Release|Any CPU
	EndGlobalSection
	GlobalSection(SolutionProperties) = preSolution
		HideSolutionNode = FALSE
	EndGlobalSection
	GlobalSection(ExtensibilityGlobals) = postSolution
		SolutionGuid = {D1F1111A-8DA6-4057-AE48-534B77BDC462}
	EndGlobalSection
EndGlobal
